
Microsoft Visual Studio Solution File, Format Version 12.00
# Visual Studio Version 16
VisualStudioVersion = 16.0.31313.79
MinimumVisualStudioVersion = 10.0.40219.1
Project("{FAE04EC0-301F-11D3-BF4B-00C04F79EFBC}") = "pop2", "pop2\pop2.csproj", "{C9C4B3F8-00C9-49B4-91F0-CF784062E1D3}"
EndProject
Global
	GlobalSection(SolutionConfigurationPlatforms) = preSolution
		Debug|Any CPU = Debug|Any CPU
		Release|Any CPU = Release|Any CPU
	EndGlobalSection
	GlobalSection(ProjectConfigurationPlatforms) = postSolution
		{C9C4B3F8-00C9-49B4-91F0-CF784062E1D3}.Debug|Any CPU.ActiveCfg = Debug|Any CPU
		{C9C4B3F8-00C9-49B4-91F0-CF784062E1D3}.Debug|Any CPU.Build.0 = Debug|Any CPU
		{C9C4B3F8-00C9-49B4-91F0-CF784062E1D3}.Release|Any CPU.ActiveCfg = Release|Any CPU
		{C9C4B3F8-00C9-49B4-91F0-CF784062E1D3}.Release|Any CPU.Build.0 = Release|Any CPU
	EndGlobalSection
	GlobalSection(SolutionProperties) = preSolution
		HideSolutionNode = FALSE
	EndGlobalSection
	GlobalSection(ExtensibilityGlobals) = postSolution
		SolutionGuid = {E83B8C37-21BB-427D-9EC6-D37CBBFD7D6A}
	EndGlobalSection
EndGlobal
